{
  "name": "chat_app",
  "lockfileVersion": 2,
  "requires": true,
  "packages": {
    "": {
      "dependencies": {
        "laravel-echo": "^1.11.3",
        "pusher-js": "^7.0.3",
        "watch": "^1.0.2"
      }
    },
    "node_modules/exec-sh": {
      "version": "0.2.2",
      "resolved": "https://registry.npmjs.org/exec-sh/-/exec-sh-0.2.2.tgz",
      "integrity": "sha512-FIUCJz1RbuS0FKTdaAafAByGS0CPvU3R0MeHxgtl+djzCc//F8HakL8GzmVNZanasTbTAY/3DRFA0KpVqj/eAw==",
      "dependencies": {
        "merge": "^1.2.0"
      }
    },
    "node_modules/laravel-echo": {
      "version": "1.11.3",
      "resolved": "https://registry.npmjs.org/laravel-echo/-/laravel-echo-1.11.3.tgz",
      "integrity": "sha512-VNTnnoF8gK29ovxslnrFDt3xgrKiKKW1kTnKKO1A4kYVj4UCKmNO4x2ehRlfg2UTrG/oggwk95p+S9ftQYjXdw==",
      "engines": {
        "node": ">=10"
      }
    },
    "node_modules/merge": {
      "version": "1.2.1",
      "resolved": "https://registry.npmjs.org/merge/-/merge-1.2.1.tgz",
      "integrity": "sha512-VjFo4P5Whtj4vsLzsYBu5ayHhoHJ0UqNm7ibvShmbmoz7tGi0vXaoJbGdB+GmDMLUdg8DpQXEIeVDAe8MaABvQ=="
    },
    "node_modules/minimist": {
      "version": "1.2.5",
      "resolved": "https://registry.npmjs.org/minimist/-/minimist-1.2.5.tgz",
      "integrity": "sha512-FM9nNUYrRBAELZQT3xeZQ7fmMOBg6nWNmJKTcgsJeaLstP/UODVpGsr5OhXhhXg6f+qtJ8uiZ+PUxkDWcgIXLw=="
    },
    "node_modules/pusher-js": {
      "version": "7.0.3",
      "resolved": "https://registry.npmjs.org/pusher-js/-/pusher-js-7.0.3.tgz",
      "integrity": "sha512-HIfCvt00CAqgO4W0BrdpPsDcAwy51rB6DN0VMC+JeVRRbo8mn3XTeUeIFjmmlRLZLX8rPhUtLRo7vPag6b8GCw==",
      "dependencies": {
        "tweetnacl": "^1.0.3"
      }
    },
    "node_modules/tweetnacl": {
      "version": "1.0.3",
      "resolved": "https://registry.npmjs.org/tweetnacl/-/tweetnacl-1.0.3.tgz",
      "integrity": "sha512-6rt+RN7aOi1nGMyC4Xa5DdYiukl2UWCbcJft7YhxReBGQD7OAM8Pbxw6YMo4r2diNEA8FEmu32YOn9rhaiE5yw=="
    },
    "node_modules/watch": {
      "version": "1.0.2",
      "resolved": "https://registry.npmjs.org/watch/-/watch-1.0.2.tgz",
      "integrity": "sha1-NApxe952Vyb6CqB9ch4BR6VR3ww=",
      "dependencies": {
        "exec-sh": "^0.2.0",
        "minimist": "^1.2.0"
      },
      "bin": {
        "watch": "cli.js"
      },
      "engines": {
        "node": ">=0.1.95"
      }
    }
  },
  "dependencies": {
    "exec-sh": {
      "version": "0.2.2",
      "resolved": "https://registry.npmjs.org/exec-sh/-/exec-sh-0.2.2.tgz",
      "integrity": "sha512-FIUCJz1RbuS0FKTdaAafAByGS0CPvU3R0MeHxgtl+djzCc//F8HakL8GzmVNZanasTbTAY/3DRFA0KpVqj/eAw==",
      "requires": {
        "merge": "^1.2.0"
      }
    },
    "laravel-echo": {
      "version": "1.11.3",
      "resolved": "https://registry.npmjs.org/laravel-echo/-/laravel-echo-1.11.3.tgz",
      "integrity": "sha512-VNTnnoF8gK29ovxslnrFDt3xgrKiKKW1kTnKKO1A4kYVj4UCKmNO4x2ehRlfg2UTrG/oggwk95p+S9ftQYjXdw=="
    },
    "merge": {
      "version": "1.2.1",
      "resolved": "https://registry.npmjs.org/merge/-/merge-1.2.1.tgz",
      "integrity": "sha512-VjFo4P5Whtj4vsLzsYBu5ayHhoHJ0UqNm7ibvShmbmoz7tGi0vXaoJbGdB+GmDMLUdg8DpQXEIeVDAe8MaABvQ=="
    },
    "minimist": {
      "version": "1.2.5",
      "resolved": "https://registry.npmjs.org/minimist/-/minimist-1.2.5.tgz",
      "integrity": "sha512-FM9nNUYrRBAELZQT3xeZQ7fmMOBg6nWNmJKTcgsJeaLstP/UODVpGsr5OhXhhXg6f+qtJ8uiZ+PUxkDWcgIXLw=="
    },
    "pusher-js": {
      "version": "7.0.3",
      "resolved": "https://registry.npmjs.org/pusher-js/-/pusher-js-7.0.3.tgz",
      "integrity": "sha512-HIfCvt00CAqgO4W0BrdpPsDcAwy51rB6DN0VMC+JeVRRbo8mn3XTeUeIFjmmlRLZLX8rPhUtLRo7vPag6b8GCw==",
      "requires": {
        "tweetnacl": "^1.0.3"
      }
    },
    "tweetnacl": {
      "version": "1.0.3",
      "resolved": "https://registry.npmjs.org/tweetnacl/-/tweetnacl-1.0.3.tgz",
      "integrity": "sha512-6rt+RN7aOi1nGMyC4Xa5DdYiukl2UWCbcJft7YhxReBGQD7OAM8Pbxw6YMo4r2diNEA8FEmu32YOn9rhaiE5yw=="
    },
    "watch": {
      "version": "1.0.2",
      "resolved": "https://registry.npmjs.org/watch/-/watch-1.0.2.tgz",
      "integrity": "sha1-NApxe952Vyb6CqB9ch4BR6VR3ww=",
      "requires": {
        "exec-sh": "^0.2.0",
        "minimist": "^1.2.0"
      }
    }
  }
}
